{
  "originHash" : "404907742080666af9f90b5623fc7e8c04fe08581f58e70b28143aac72288efa",
  "pins" : [
    {
      "identity" : "alamofire",
      "kind" : "remoteSourceControl",
      "location" : "https://github.com/Alamofire/Alamofire.git",
      "state" : {
        "revision" : "513364f870f6bfc468f9d2ff0a95caccc10044c5",
        "version" : "5.10.2"
      }
    },
    {
      "identity" : "apollo-ios",
      "kind" : "remoteSourceControl",
      "location" : "https://github.com/apollographql/apollo-ios.git",
      "state" : {
        "revision" : "68aba4be6a951a26f2f587e132ed8f82b5a63511",
        "version" : "2.0.4"
      }
    },
    {
      "identity" : "appauth-ios",
      "kind" : "remoteSourceControl",
      "location" : "https://github.com/openid/AppAuth-iOS.git",
      "state" : {
        "revision" : "145104f5ea9d58ae21b60add007c33c1cc0c948e",
        "version" : "2.0.0"
      }
    },
    {
      "identity" : "lottie-spm",
      "kind" : "remoteSourceControl",
      "location" : "https://github.com/airbnb/lottie-spm.git",
      "state" : {
        "revision" : "04f2fd18cc9404a0a0917265a449002674f24ec9",
        "version" : "4.5.2"
      }
    },
    {
      "identity" : "themis",
      "kind" : "remoteSourceControl",
      "location" : "https://github.com/cossacklabs/themis.git",
      "state" : {
        "revision" : "024f19470629d7d452bb51c0e95375b4cc4cd52d",
        "version" : "0.15.5"
      }
    }
  ],
  "version" : 3
}
